
Microsoft Visual Studio Solution File, Format Version 12.00
# Visual Studio Version 16
VisualStudioVersion = 16.0.30804.86
MinimumVisualStudioVersion = 10.0.40219.1
Project("{FAE04EC0-301F-11D3-BF4B-00C04F79EFBC}") = "JRX.Desktop.Executable", "..\..\Desktop\Executable\JRX.Desktop.Executable\JRX.Desktop.Executable.csproj", "{89F6F94B-0AEC-4195-B619-01EEDAF547BF}"
EndProject
Project("{2150E333-8FDC-42A3-9474-1A3956D46DE8}") = "Desktop", "Desktop", "{BF299C45-A266-47A8-90A2-F1B181662989}"
EndProject
Project("{FAE04EC0-301F-11D3-BF4B-00C04F79EFBC}") = "JRX.Common", "..\..\Common\JRX.Common\JRX.Common.csproj", "{3AA6964B-3F1F-42EC-B426-2B3E2400E80B}"
EndProject
Project("{2150E333-8FDC-42A3-9474-1A3956D46DE8}") = "Common", "Common", "{5394C471-9DEE-40C5-A614-B0BFD17612C2}"
EndProject
Global
	GlobalSection(SolutionConfigurationPlatforms) = preSolution
		Debug|Any CPU = Debug|Any CPU
		Release|Any CPU = Release|Any CPU
	EndGlobalSection
	GlobalSection(ProjectConfigurationPlatforms) = postSolution
		{89F6F94B-0AEC-4195-B619-01EEDAF547BF}.Debug|Any CPU.ActiveCfg = Debug|Any CPU
		{89F6F94B-0AEC-4195-B619-01EEDAF547BF}.Debug|Any CPU.Build.0 = Debug|Any CPU
		{89F6F94B-0AEC-4195-B619-01EEDAF547BF}.Release|Any CPU.ActiveCfg = Release|Any CPU
		{89F6F94B-0AEC-4195-B619-01EEDAF547BF}.Release|Any CPU.Build.0 = Release|Any CPU
		{3AA6964B-3F1F-42EC-B426-2B3E2400E80B}.Debug|Any CPU.ActiveCfg = Debug|Any CPU
		{3AA6964B-3F1F-42EC-B426-2B3E2400E80B}.Debug|Any CPU.Build.0 = Debug|Any CPU
		{3AA6964B-3F1F-42EC-B426-2B3E2400E80B}.Release|Any CPU.ActiveCfg = Release|Any CPU
		{3AA6964B-3F1F-42EC-B426-2B3E2400E80B}.Release|Any CPU.Build.0 = Release|Any CPU
	EndGlobalSection
	GlobalSection(SolutionProperties) = preSolution
		HideSolutionNode = FALSE
	EndGlobalSection
	GlobalSection(NestedProjects) = preSolution
		{89F6F94B-0AEC-4195-B619-01EEDAF547BF} = {BF299C45-A266-47A8-90A2-F1B181662989}
		{3AA6964B-3F1F-42EC-B426-2B3E2400E80B} = {5394C471-9DEE-40C5-A614-B0BFD17612C2}
	EndGlobalSection
	GlobalSection(ExtensibilityGlobals) = postSolution
		SolutionGuid = {BD5BB696-9CE9-4CB9-A6FF-4F528B66C31D}
	EndGlobalSection
EndGlobal
